{
  "name": "new",
  "version": "0.0.1",
  "lockfileVersion": 1,
  "requires": true,
  "dependencies": {
    "@ionic-native/background-geolocation": {
      "version": "3.14.0",
      "resolved": "https://registry.npmjs.org/@ionic-native/background-geolocation/-/background-geolocation-3.14.0.tgz",
      "integrity": "sha1-jHsiF/AZimzzZ9GvHQ63PQ2rElc="
    },
    "@ionic-native/background-mode": {
      "version": "4.2.1",
      "resolved": "https://registry.npmjs.org/@ionic-native/background-mode/-/background-mode-4.2.1.tgz",
      "integrity": "sha512-oCo4P7b5eRp1xtD2Z1FkW0xHvlGVg8CpbNNKmjypfLEL4mKh0rDVc82U9oWx1578ZNi0kDY8WRERKxVgRhXK9Q=="
    },
    "@ionic-native/camera": {
      "version": "3.14.0",
      "resolved": "https://registry.npmjs.org/@ionic-native/camera/-/camera-3.14.0.tgz",
      "integrity": "sha1-o5Nt6pWe/CTmnJz0t4ZubxkCbMA="
    },
    "@ionic-native/facebook": {
      "version": "4.2.1",
      "resolved": "https://registry.npmjs.org/@ionic-native/facebook/-/facebook-4.2.1.tgz",
      "integrity": "sha512-1x4XxcyvYs9cNG7DrL3x9eTOgBoMZz28ux8wXmB8Th81HLTmaZn6ed+q3iaxckMg4ktde4f/ITKb6XOTJLuG8Q=="
    },
    "@ionic-native/geolocation": {
      "version": "3.14.0",
      "resolved": "https://registry.npmjs.org/@ionic-native/geolocation/-/geolocation-3.14.0.tgz",
      "integrity": "sha1-+dOD8dRaYFWEdOWdeG718P4idfU="
    },
    "@ionic-native/image-picker": {
      "version": "4.2.1",
      "resolved": "https://registry.npmjs.org/@ionic-native/image-picker/-/image-picker-4.2.1.tgz",
      "integrity": "sha512-Dp06NmFkvDfDbCrkkW2WyD3QIdUfDDApF+bPurs2GKNKwNZi3AMWqfLZIKSt2wL7QB3G6bq8+EsMR7McT/is1A=="
    },
    "@ionic-native/local-notifications": {
      "version": "4.2.1",
      "resolved": "https://registry.npmjs.org/@ionic-native/local-notifications/-/local-notifications-4.2.1.tgz",
      "integrity": "sha512-/dkqFfCNlVUs+xTTIrEGPfUsmA48hlRu4UxozzFxpzKaJOtkfkvwtCJxVgC+M9b/WdXEPrpxHaGM7CkRXcponQ=="
    },
    "@ionic-native/photo-library": {
      "version": "3.14.0",
      "resolved": "https://registry.npmjs.org/@ionic-native/photo-library/-/photo-library-3.14.0.tgz",
      "integrity": "sha1-URjWsvhXF5Ac5x753k1U/ODVtmQ="
    },
    "@ionic-native/screen-orientation": {
      "version": "4.2.1",
      "resolved": "https://registry.npmjs.org/@ionic-native/screen-orientation/-/screen-orientation-4.2.1.tgz",
      "integrity": "sha512-n6rXfZ2HAWdgX9NKK5aVWnNUKW+Z+p5wJ7c+ZnK9Oa35W4DzWNX2/c9WtgKX1mx0pIyfq+UcvsXCiE2w1mD0hA=="
    },
    "@ionic-native/social-sharing": {
      "version": "4.2.1",
      "resolved": "https://registry.npmjs.org/@ionic-native/social-sharing/-/social-sharing-4.2.1.tgz",
      "integrity": "sha512-o8CR7mhpp8WzO8gjP+NLEAjHoGsIvwAUCkAwkr7V0BMcWaIBS8ZMlSxOiPoM95DjQjL00FvSXw8sMwo6Q7VIuQ=="
    },
    "@ionic-native/spinner-dialog": {
      "version": "3.14.0",
      "resolved": "https://registry.npmjs.org/@ionic-native/spinner-dialog/-/spinner-dialog-3.14.0.tgz",
      "integrity": "sha1-KIim/pxz9d6tB727sFOe87gbkBM="
    },
    "@ionic/storage": {
      "version": "2.0.1",
      "resolved": "https://registry.npmjs.org/@ionic/storage/-/storage-2.0.1.tgz",
      "integrity": "sha1-uxqMJ2AH0AjXrN2kJrVgZbD9PAs=",
      "requires": {
        "@types/localforage": "https://registry.npmjs.org/@types/localforage/-/localforage-0.0.30.tgz",
        "localforage": "https://registry.npmjs.org/localforage/-/localforage-1.4.3.tgz",
        "localforage-cordovasqlitedriver": "https://registry.npmjs.org/localforage-cordovasqlitedriver/-/localforage-cordovasqlitedriver-1.5.0.tgz"
      }
    },
    "@types/googlemaps": {
      "version": "3.26.20",
      "resolved": "https://registry.npmjs.org/@types/googlemaps/-/googlemaps-3.26.20.tgz",
      "integrity": "sha512-ei0gGI3ioFYjshbcSJZlk99vrVB7EjqLQCT5ymlm72l201b5ExvoTrk2wgq1pwG/531idUeJGkaTr6Vap3AIXA=="
    },
    "@types/localforage": {
      "version": "https://registry.npmjs.org/@types/localforage/-/localforage-0.0.30.tgz",
      "integrity": "sha1-PWCmv23aOOP4pGlhFZg3nx9klQk="
    },
    "acorn": {
      "version": "https://registry.npmjs.org/acorn/-/acorn-1.2.2.tgz",
      "integrity": "sha1-yM4n3grMdtiW0rH6099YjZ6C8BQ="
    },
    "amdefine": {
      "version": "https://registry.npmjs.org/amdefine/-/amdefine-1.0.1.tgz",
      "integrity": "sha1-SlKCrBZHKek2Gbz9OtFR+BfOkfU="
    },
    "ast-types": {
      "version": "https://registry.npmjs.org/ast-types/-/ast-types-0.8.15.tgz",
      "integrity": "sha1-ju8IJ/BN/w7IhXupJavj/qYZTlI="
    },
    "async": {
      "version": "https://registry.npmjs.org/async/-/async-2.4.1.tgz",
      "integrity": "sha1-YqVrJ5yYoR0JhwlqAcw+6463u9c=",
      "requires": {
        "lodash": "https://registry.npmjs.org/lodash/-/lodash-4.17.4.tgz"
      }
    },
    "base62": {
      "version": "https://registry.npmjs.org/base62/-/base62-0.1.1.tgz",
      "integrity": "sha1-e0F0wvlESXU7EcJlHAg9qEGnsIQ="
    },
    "caman": {
      "version": "4.1.2",
      "resolved": "https://registry.npmjs.org/caman/-/caman-4.1.2.tgz",
      "integrity": "sha1-aPtp3WLG2J/lmdT4VRk6A1XC08k=",
      "requires": {
        "canvas": "1.6.5",
        "fibers": "2.0.0"
      }
    },
    "canvas": {
      "version": "1.6.5",
      "resolved": "https://registry.npmjs.org/canvas/-/canvas-1.6.5.tgz",
      "integrity": "sha1-VX+ZiPXSyV/cJHxhpe5D3lL2cXw=",
      "requires": {
        "nan": "https://registry.npmjs.org/nan/-/nan-2.6.2.tgz",
        "parse-css-font": "2.0.2",
        "units-css": "0.4.0"
      }
    },
    "com-sarriaroman-photoviewer": {
      "version": "1.1.10",
      "resolved": "https://registry.npmjs.org/com-sarriaroman-photoviewer/-/com-sarriaroman-photoviewer-1.1.10.tgz",
      "integrity": "sha1-4Y8VNXUf4QWuGAxPxaFkEgRxkA0="
    },
    "cordova-android": {
      "version": "6.2.3",
      "resolved": "https://registry.npmjs.org/cordova-android/-/cordova-android-6.2.3.tgz",
      "integrity": "sha1-JJ8hts5fHxyEenq4OxaQnb7Vqig=",
      "requires": {
        "cordova-common": "2.0.2",
        "elementtree": "0.1.6",
        "nopt": "3.0.6",
        "properties-parser": "0.2.3",
        "q": "1.5.0",
        "shelljs": "0.5.3"
      },
      "dependencies": {
        "abbrev": {
          "version": "1.1.0",
          "bundled": true
        },
        "ansi": {
          "version": "0.3.1",
          "bundled": true
        },
        "balanced-match": {
          "version": "0.4.2",
          "bundled": true
        },
        "base64-js": {
          "version": "0.0.8",
          "bundled": true
        },
        "big-integer": {
          "version": "1.6.22",
          "bundled": true
        },
        "bplist-parser": {
          "version": "0.1.1",
          "bundled": true,
          "requires": {
            "big-integer": "1.6.22"
          }
        },
        "brace-expansion": {
          "version": "1.1.7",
          "bundled": true,
          "requires": {
            "balanced-match": "0.4.2",
            "concat-map": "0.0.1"
          }
        },
        "concat-map": {
          "version": "0.0.1",
          "bundled": true
        },
        "cordova-common": {
          "version": "2.0.2",
          "bundled": true,
          "requires": {
            "ansi": "0.3.1",
            "bplist-parser": "0.1.1",
            "cordova-registry-mapper": "1.1.15",
            "elementtree": "0.1.6",
            "glob": "5.0.15",
            "minimatch": "3.0.3",
            "osenv": "0.1.4",
            "plist": "1.2.0",
            "q": "1.5.0",
            "semver": "5.3.0",
            "shelljs": "0.5.3",
            "underscore": "1.8.3",
            "unorm": "1.4.1"
          }
        },
        "cordova-registry-mapper": {
          "version": "1.1.15",
          "bundled": true
        },
        "elementtree": {
          "version": "0.1.6",
          "bundled": true,
          "requires": {
            "sax": "0.3.5"
          }
        },
        "glob": {
          "version": "5.0.15",
          "bundled": true,
          "requires": {
            "inflight": "1.0.6",
            "inherits": "2.0.3",
            "minimatch": "3.0.3",
            "once": "1.4.0",
            "path-is-absolute": "1.0.1"
          }
        },
        "inflight": {
          "version": "1.0.6",
          "bundled": true,
          "requires": {
            "once": "1.4.0",
            "wrappy": "1.0.2"
          }
        },
        "inherits": {
          "version": "2.0.3",
          "bundled": true
        },
        "lodash": {
          "version": "3.10.1",
          "bundled": true
        },
        "minimatch": {
          "version": "3.0.3",
          "bundled": true,
          "requires": {
            "brace-expansion": "1.1.7"
          }
        },
        "nopt": {
          "version": "3.0.6",
          "bundled": true,
          "requires": {
            "abbrev": "1.1.0"
          }
        },
        "once": {
          "version": "1.4.0",
          "bundled": true,
          "requires": {
            "wrappy": "1.0.2"
          }
        },
        "os-homedir": {
          "version": "1.0.2",
          "bundled": true
        },
        "os-tmpdir": {
          "version": "1.0.2",
          "bundled": true
        },
        "osenv": {
          "version": "0.1.4",
          "bundled": true,
          "requires": {
            "os-homedir": "1.0.2",
            "os-tmpdir": "1.0.2"
          }
        },
        "path-is-absolute": {
          "version": "1.0.1",
          "bundled": true
        },
        "plist": {
          "version": "1.2.0",
          "bundled": true,
          "requires": {
            "base64-js": "0.0.8",
            "util-deprecate": "1.0.2",
            "xmlbuilder": "4.0.0",
            "xmldom": "0.1.27"
          }
        },
        "properties-parser": {
          "version": "0.2.3",
          "bundled": true
        },
        "q": {
          "version": "1.5.0",
          "bundled": true
        },
        "sax": {
          "version": "0.3.5",
          "bundled": true
        },
        "semver": {
          "version": "5.3.0",
          "bundled": true
        },
        "shelljs": {
          "version": "0.5.3",
          "bundled": true
        },
        "underscore": {
          "version": "1.8.3",
          "bundled": true
        },
        "unorm": {
          "version": "1.4.1",
          "bundled": true
        },
        "util-deprecate": {
          "version": "1.0.2",
          "bundled": true
        },
        "wrappy": {
          "version": "1.0.2",
          "bundled": true
        },
        "xmlbuilder": {
          "version": "4.0.0",
          "bundled": true,
          "requires": {
            "lodash": "3.10.1"
          }
        },
        "xmldom": {
          "version": "0.1.27",
          "bundled": true
        }
      }
    },
    "cordova-android-support-gradle-release": {
      "version": "0.0.2",
      "resolved": "https://registry.npmjs.org/cordova-android-support-gradle-release/-/cordova-android-support-gradle-release-0.0.2.tgz",
      "integrity": "sha1-6FjPew05QBzq2mOg7DYwCCuUgvY="
    },
    "cordova-plugin-background-mode": {
      "version": "0.7.2",
      "resolved": "https://registry.npmjs.org/cordova-plugin-background-mode/-/cordova-plugin-background-mode-0.7.2.tgz",
      "integrity": "sha1-6vVjnAZahyMbPs91em4osQHQMy8="
    },
    "cordova-plugin-camera": {
      "version": "https://registry.npmjs.org/cordova-plugin-camera/-/cordova-plugin-camera-2.4.1.tgz",
      "integrity": "sha1-GV404S22TxxJ52T31OPyYao9lME="
    },
    "cordova-plugin-compat": {
      "version": "https://registry.npmjs.org/cordova-plugin-compat/-/cordova-plugin-compat-1.1.0.tgz",
      "integrity": "sha1-kr3xaf62EgUyPcyWo/+DSON+h/w="
    },
    "cordova-plugin-console": {
      "version": "1.0.7",
      "resolved": "https://registry.npmjs.org/cordova-plugin-console/-/cordova-plugin-console-1.0.7.tgz",
      "integrity": "sha1-ibepLtHDNYiN/ADZAtxBcgHPOws="
    },
    "cordova-plugin-device": {
      "version": "1.1.4",
      "resolved": "https://registry.npmjs.org/cordova-plugin-device/-/cordova-plugin-device-1.1.4.tgz",
      "integrity": "sha1-1f50cSBp0D9tOG7wvTIbOr0NONw="
    },
    "cordova-plugin-facebook4": {
      "version": "1.9.1",
      "resolved": "https://registry.npmjs.org/cordova-plugin-facebook4/-/cordova-plugin-facebook4-1.9.1.tgz",
      "integrity": "sha512-B45qw+Z+GT2iIQWeF8M9EvmAzoi6Akems0FHq/dum9gRfl0uekgdaFTKiPZNgP1Q8BsC8xJU+VkhtRxsiT9gTw=="
    },
    "cordova-plugin-file": {
      "version": "4.3.3",
      "resolved": "https://registry.npmjs.org/cordova-plugin-file/-/cordova-plugin-file-4.3.3.tgz",
      "integrity": "sha1-AS6Xqhr7kfhJFuY0G1SDZtI96bk="
    },
    "cordova-plugin-geolocation": {
      "version": "2.4.3",
      "resolved": "https://registry.npmjs.org/cordova-plugin-geolocation/-/cordova-plugin-geolocation-2.4.3.tgz",
      "integrity": "sha1-HdAAI9Hxos4zD4dn7Qj3tzj+cYQ="
    },
    "cordova-plugin-mauron85-background-geolocation": {
      "version": "2.2.5",
      "resolved": "https://registry.npmjs.org/cordova-plugin-mauron85-background-geolocation/-/cordova-plugin-mauron85-background-geolocation-2.2.5.tgz",
      "integrity": "sha1-Vn12uo9Rzu8zcb9GK2hurE7Q5N0="
    },
    "cordova-plugin-native-spinner": {
      "version": "1.1.3",
      "resolved": "https://registry.npmjs.org/cordova-plugin-native-spinner/-/cordova-plugin-native-spinner-1.1.3.tgz",
      "integrity": "sha1-KvO5CskwcU3FbuzLsWbjOLv5B4g="
    },
    "cordova-plugin-photo-library": {
      "version": "2.1.0",
      "resolved": "https://registry.npmjs.org/cordova-plugin-photo-library/-/cordova-plugin-photo-library-2.1.0.tgz",
      "integrity": "sha1-P+K1RbgYWnSBBQSJioy0F6991uQ=",
      "requires": {
        "async": "https://registry.npmjs.org/async/-/async-2.4.1.tgz"
      }
    },
    "cordova-plugin-screen-orientation": {
      "version": "2.0.1",
      "resolved": "https://registry.npmjs.org/cordova-plugin-screen-orientation/-/cordova-plugin-screen-orientation-2.0.1.tgz",
      "integrity": "sha1-1gj9bN1+C1i64xB3aKyTCvAf9Dc="
    },
    "cordova-plugin-splashscreen": {
      "version": "https://registry.npmjs.org/cordova-plugin-splashscreen/-/cordova-plugin-splashscreen-4.0.3.tgz",
      "integrity": "sha1-dzzRNjwfO6y5kBZj6eN5PdPgoZ0="
    },
    "cordova-plugin-statusbar": {
      "version": "2.2.3",
      "resolved": "https://registry.npmjs.org/cordova-plugin-statusbar/-/cordova-plugin-statusbar-2.2.3.tgz",
      "integrity": "sha1-UcXgKtQzvr0LDcl3pEbrkd/uFQI="
    },
    "cordova-plugin-telerik-imagepicker": {
      "version": "2.1.8",
      "resolved": "https://registry.npmjs.org/cordova-plugin-telerik-imagepicker/-/cordova-plugin-telerik-imagepicker-2.1.8.tgz",
      "integrity": "sha1-4tUx22CVCr652TRv/XvxrtR5kEM="
    },
    "cordova-plugin-whitelist": {
      "version": "1.3.2",
      "resolved": "https://registry.npmjs.org/cordova-plugin-whitelist/-/cordova-plugin-whitelist-1.3.2.tgz",
      "integrity": "sha1-W2M1/rn1MB88ATuQlsuIhb29UHY="
    },
    "cordova-plugin-x-socialsharing": {
      "version": "5.2.0",
      "resolved": "https://registry.npmjs.org/cordova-plugin-x-socialsharing/-/cordova-plugin-x-socialsharing-5.2.0.tgz",
      "integrity": "sha1-GiJHa8WNRsHSqahMTxIeYpysqxQ="
    },
    "cordova-sqlite-storage": {
      "version": "2.0.4",
      "resolved": "https://registry.npmjs.org/cordova-sqlite-storage/-/cordova-sqlite-storage-2.0.4.tgz",
      "integrity": "sha1-i1zmXGO0awQVynASzFe/JxGyA3E=",
      "requires": {
        "cordova-sqlite-storage-dependencies": "1.0.4"
      }
    },
    "cordova-sqlite-storage-dependencies": {
      "version": "1.0.4",
      "resolved": "https://registry.npmjs.org/cordova-sqlite-storage-dependencies/-/cordova-sqlite-storage-dependencies-1.0.4.tgz",
      "integrity": "sha1-gnmvyNg7AWG/p92cIoqCf13YFF4="
    },
    "core-util-is": {
      "version": "https://registry.npmjs.org/core-util-is/-/core-util-is-1.0.2.tgz",
      "integrity": "sha1-tf1UIgqivFq1eqtxQMlAdUUDwac="
    },
    "css-font-size-keywords": {
      "version": "1.0.0",
      "resolved": "https://registry.npmjs.org/css-font-size-keywords/-/css-font-size-keywords-1.0.0.tgz",
      "integrity": "sha1-hUh1rOmspqjS7g00WkSq6btttss="
    },
    "css-font-stretch-keywords": {
      "version": "1.0.1",
      "resolved": "https://registry.npmjs.org/css-font-stretch-keywords/-/css-font-stretch-keywords-1.0.1.tgz",
      "integrity": "sha1-UM7puboDH7XJUtRyMTnx4Qe1SxA="
    },
    "css-font-style-keywords": {
      "version": "1.0.1",
      "resolved": "https://registry.npmjs.org/css-font-style-keywords/-/css-font-style-keywords-1.0.1.tgz",
      "integrity": "sha1-XDUygT9jtKHelU0TzqhqtDM0CeQ="
    },
    "css-font-weight-keywords": {
      "version": "1.0.0",
      "resolved": "https://registry.npmjs.org/css-font-weight-keywords/-/css-font-weight-keywords-1.0.0.tgz",
      "integrity": "sha1-m8BGcayFvHJLV07106yWsNYE/Zc="
    },
    "css-global-keywords": {
      "version": "1.0.1",
      "resolved": "https://registry.npmjs.org/css-global-keywords/-/css-global-keywords-1.0.1.tgz",
      "integrity": "sha1-cqmupyeW0Bmx0qMlLeTlqqN+Smk="
    },
    "css-list-helpers": {
      "version": "1.0.1",
      "resolved": "https://registry.npmjs.org/css-list-helpers/-/css-list-helpers-1.0.1.tgz",
      "integrity": "sha1-//VxkiAtuDJAxBaG+RnkSacCT30=",
      "requires": {
        "tcomb": "2.7.0"
      }
    },
    "css-system-font-keywords": {
      "version": "1.0.0",
      "resolved": "https://registry.npmjs.org/css-system-font-keywords/-/css-system-font-keywords-1.0.0.tgz",
      "integrity": "sha1-hcbwhquk6zLFcaMIav/ENLhII+0="
    },
    "de.appplant.cordova.plugin.local-notification": {
      "version": "0.8.5",
      "resolved": "https://registry.npmjs.org/de.appplant.cordova.plugin.local-notification/-/de.appplant.cordova.plugin.local-notification-0.8.5.tgz",
      "integrity": "sha1-4MaobqUqxPQdumdSHZGlippCo70=",
      "requires": {
        "cordova-plugin-app-event": "1.2.1",
        "cordova-plugin-device": "1.1.4"
      },
      "dependencies": {
        "cordova-plugin-app-event": {
          "version": "1.2.1",
          "resolved": "https://registry.npmjs.org/cordova-plugin-app-event/-/cordova-plugin-app-event-1.2.1.tgz",
          "integrity": "sha1-DuuxQTKqQ7suXAgamr29l8otgTI="
        }
      }
    },
    "es3ify": {
      "version": "https://registry.npmjs.org/es3ify/-/es3ify-0.1.4.tgz",
      "integrity": "sha1-rZ+l3xrjTz8x4SEbWBiy1RB439E=",
      "requires": {
        "esprima-fb": "https://registry.npmjs.org/esprima-fb/-/esprima-fb-3001.0001.0000-dev-harmony-fb.tgz",
        "jstransform": "https://registry.npmjs.org/jstransform/-/jstransform-3.0.0.tgz",
        "through": "https://registry.npmjs.org/through/-/through-2.3.8.tgz"
      }
    },
    "es6-promise-plugin": {
      "version": "git+https://github.com/vstirbu/PromisesPlugin.git#6ec3f7812945176569a62b304821a4aafc3b0949"
    },
    "esmangle-evaluator": {
      "version": "https://registry.npmjs.org/esmangle-evaluator/-/esmangle-evaluator-1.0.1.tgz",
      "integrity": "sha1-Yg2GbvSGGzMR91dm1SqFcrs8YzY="
    },
    "esprima-fb": {
      "version": "https://registry.npmjs.org/esprima-fb/-/esprima-fb-3001.0001.0000-dev-harmony-fb.tgz",
      "integrity": "sha1-t303q8046gt3Qmu4vCkizmtCZBE="
    },
    "falafel": {
      "version": "https://registry.npmjs.org/falafel/-/falafel-1.2.0.tgz",
      "integrity": "sha1-wY0k71CRF0pJfzGM0ksCaiXN2rQ=",
      "requires": {
        "acorn": "https://registry.npmjs.org/acorn/-/acorn-1.2.2.tgz",
        "foreach": "https://registry.npmjs.org/foreach/-/foreach-2.0.5.tgz",
        "isarray": "https://registry.npmjs.org/isarray/-/isarray-0.0.1.tgz",
        "object-keys": "https://registry.npmjs.org/object-keys/-/object-keys-1.0.11.tgz"
      }
    },
    "fibers": {
      "version": "2.0.0",
      "resolved": "https://registry.npmjs.org/fibers/-/fibers-2.0.0.tgz",
      "integrity": "sha512-sLxo4rZVk7xLgAjb/6zEzHJfSALx6u6coN1z61XCOF7i6CyTdJawF4+RdpjCSeS8AP66eR2InScbYAz9RAVOgA=="
    },
    "foreach": {
      "version": "https://registry.npmjs.org/foreach/-/foreach-2.0.5.tgz",
      "integrity": "sha1-C+4AUBiusmDQo6865ljdATbsG5k="
    },
    "immediate": {
      "version": "https://registry.npmjs.org/immediate/-/immediate-3.0.6.tgz",
      "integrity": "sha1-nbHb0Pr43m++D13V5Wu2BigN5ps="
    },
    "inherits": {
      "version": "https://registry.npmjs.org/inherits/-/inherits-2.0.3.tgz",
      "integrity": "sha1-Yzwsg+PaQqUC9SRmAiSA9CCCYd4="
    },
    "inline-process-browser": {
      "version": "https://registry.npmjs.org/inline-process-browser/-/inline-process-browser-1.0.0.tgz",
      "integrity": "sha1-RqYbFT3TybFiSxoAYm7bT39BTyI=",
      "requires": {
        "falafel": "https://registry.npmjs.org/falafel/-/falafel-1.2.0.tgz",
        "through2": "https://registry.npmjs.org/through2/-/through2-0.6.5.tgz"
      }
    },
    "ionic-plugin-keyboard": {
      "version": "https://registry.npmjs.org/ionic-plugin-keyboard/-/ionic-plugin-keyboard-2.2.1.tgz",
      "integrity": "sha1-8qnhabvptVIkADR8n9bTRn7j+hI="
    },
    "ionicons": {
      "version": "https://registry.npmjs.org/ionicons/-/ionicons-3.0.0.tgz",
      "integrity": "sha1-QLja9P16MRUL0AIWD2ZJbiKpjDw="
    },
    "isarray": {
      "version": "https://registry.npmjs.org/isarray/-/isarray-0.0.1.tgz",
      "integrity": "sha1-ihis/Kmo9Bd+Cav8YDiTmwXR7t8="
    },
    "isnumeric": {
      "version": "0.2.0",
      "resolved": "https://registry.npmjs.org/isnumeric/-/isnumeric-0.2.0.tgz",
      "integrity": "sha1-ojR7o2DeGeM9D/1ZD933dVy/LmQ="
    },
    "jstransform": {
      "version": "https://registry.npmjs.org/jstransform/-/jstransform-3.0.0.tgz",
      "integrity": "sha1-olkats7o2XvzvoMNv6IxO4fNZAs=",
      "requires": {
        "base62": "https://registry.npmjs.org/base62/-/base62-0.1.1.tgz",
        "esprima-fb": "https://registry.npmjs.org/esprima-fb/-/esprima-fb-3001.0001.0000-dev-harmony-fb.tgz",
        "source-map": "https://registry.npmjs.org/source-map/-/source-map-0.1.31.tgz"
      },
      "dependencies": {
        "source-map": {
          "version": "https://registry.npmjs.org/source-map/-/source-map-0.1.31.tgz",
          "integrity": "sha1-n3BNDWnZ4TioG63267T94z0VHGE=",
          "requires": {
            "amdefine": "https://registry.npmjs.org/amdefine/-/amdefine-1.0.1.tgz"
          }
        }
      }
    },
    "lie": {
      "version": "https://registry.npmjs.org/lie/-/lie-3.0.2.tgz",
      "integrity": "sha1-/9oh17uibzd8rYZdNkmy/Izjn+o=",
      "requires": {
        "es3ify": "https://registry.npmjs.org/es3ify/-/es3ify-0.1.4.tgz",
        "immediate": "https://registry.npmjs.org/immediate/-/immediate-3.0.6.tgz",
        "inline-process-browser": "https://registry.npmjs.org/inline-process-browser/-/inline-process-browser-1.0.0.tgz",
        "unreachable-branch-transform": "https://registry.npmjs.org/unreachable-branch-transform/-/unreachable-branch-transform-0.3.0.tgz"
      }
    },
    "localforage": {
      "version": "https://registry.npmjs.org/localforage/-/localforage-1.4.3.tgz",
      "integrity": "sha1-ohJUPDnHx2Qk7dEr9HTEiarKSUw=",
      "requires": {
        "lie": "https://registry.npmjs.org/lie/-/lie-3.0.2.tgz"
      }
    },
    "localforage-cordovasqlitedriver": {
      "version": "https://registry.npmjs.org/localforage-cordovasqlitedriver/-/localforage-cordovasqlitedriver-1.5.0.tgz",
      "integrity": "sha1-+TR4nmrZo5usBf3RFogS9DhTV2I=",
      "requires": {
        "@types/localforage": "https://registry.npmjs.org/@types/localforage/-/localforage-0.0.30.tgz",
        "localforage": "https://registry.npmjs.org/localforage/-/localforage-1.4.3.tgz"
      }
    },
    "lodash": {
      "version": "https://registry.npmjs.org/lodash/-/lodash-4.17.4.tgz",
      "integrity": "sha1-eCA6TRwyiuHYbcpkYONptX9AVa4="
    },
    "moment": {
      "version": "2.18.1",
      "resolved": "https://registry.npmjs.org/moment/-/moment-2.18.1.tgz",
      "integrity": "sha1-w2GT3Tzhwu7SrbfIAtu8d6gbHA8="
    },
    "nan": {
      "version": "https://registry.npmjs.org/nan/-/nan-2.6.2.tgz",
      "integrity": "sha1-5P805slf37WuzAjeZZb0NgWn20U="
    },
    "object-keys": {
      "version": "https://registry.npmjs.org/object-keys/-/object-keys-1.0.11.tgz",
      "integrity": "sha1-xUYBd4rVYPEULODgG8yotW0TQm0="
    },
    "parse-css-font": {
      "version": "2.0.2",
      "resolved": "https://registry.npmjs.org/parse-css-font/-/parse-css-font-2.0.2.tgz",
      "integrity": "sha1-e2CwYHBaJam5C38O1JPlgjJIplI=",
      "requires": {
        "css-font-size-keywords": "1.0.0",
        "css-font-stretch-keywords": "1.0.1",
        "css-font-style-keywords": "1.0.1",
        "css-font-weight-keywords": "1.0.0",
        "css-global-keywords": "1.0.1",
        "css-list-helpers": "1.0.1",
        "css-system-font-keywords": "1.0.0",
        "tcomb": "2.7.0",
        "unquote": "1.1.0"
      }
    },
    "path-to-regexp": {
      "version": "https://registry.npmjs.org/path-to-regexp/-/path-to-regexp-1.7.0.tgz",
      "integrity": "sha1-Wf3g9DW62suhA6hOnTvGTpa5k30=",
      "requires": {
        "isarray": "https://registry.npmjs.org/isarray/-/isarray-0.0.1.tgz"
      }
    },
    "private": {
      "version": "https://registry.npmjs.org/private/-/private-0.1.7.tgz",
      "integrity": "sha1-aM5eih7woju1cMwoU3tTMqumPvE="
    },
    "readable-stream": {
      "version": "https://registry.npmjs.org/readable-stream/-/readable-stream-1.0.34.tgz",
      "integrity": "sha1-Elgg40vIQtLyqq+v5MKRbuMsFXw=",
      "requires": {
        "core-util-is": "https://registry.npmjs.org/core-util-is/-/core-util-is-1.0.2.tgz",
        "inherits": "https://registry.npmjs.org/inherits/-/inherits-2.0.3.tgz",
        "isarray": "https://registry.npmjs.org/isarray/-/isarray-0.0.1.tgz",
        "string_decoder": "https://registry.npmjs.org/string_decoder/-/string_decoder-0.10.31.tgz"
      }
    },
    "recast": {
      "version": "https://registry.npmjs.org/recast/-/recast-0.10.43.tgz",
      "integrity": "sha1-uV1Q9tYHYaX2JS4V2AZ4FoSRzn8=",
      "requires": {
        "ast-types": "https://registry.npmjs.org/ast-types/-/ast-types-0.8.15.tgz",
        "esprima-fb": "https://registry.npmjs.org/esprima-fb/-/esprima-fb-15001.1001.0-dev-harmony-fb.tgz",
        "private": "https://registry.npmjs.org/private/-/private-0.1.7.tgz",
        "source-map": "https://registry.npmjs.org/source-map/-/source-map-0.5.6.tgz"
      },
      "dependencies": {
        "esprima-fb": {
          "version": "https://registry.npmjs.org/esprima-fb/-/esprima-fb-15001.1001.0-dev-harmony-fb.tgz",
          "integrity": "sha1-Q761fsJujPI3092LM+QlM1d/Jlk="
        }
      }
    },
    "serviceworker-cache-polyfill": {
      "version": "https://registry.npmjs.org/serviceworker-cache-polyfill/-/serviceworker-cache-polyfill-4.0.0.tgz",
      "integrity": "sha1-3hnuc77yGrPAdAo3sz22JGS6ves="
    },
    "source-map": {
      "version": "https://registry.npmjs.org/source-map/-/source-map-0.5.6.tgz",
      "integrity": "sha1-dc449SvwczxafwwRjYEzSiu19BI="
    },
    "string_decoder": {
      "version": "https://registry.npmjs.org/string_decoder/-/string_decoder-0.10.31.tgz",
      "integrity": "sha1-YuIDvEF2bGwoyfyEMB2rHFMQ+pQ="
    },
    "sw-toolbox": {
      "version": "https://registry.npmjs.org/sw-toolbox/-/sw-toolbox-3.6.0.tgz",
      "integrity": "sha1-Jt8dHHA0hljk3qKIQxkUm3sxg7U=",
      "requires": {
        "path-to-regexp": "https://registry.npmjs.org/path-to-regexp/-/path-to-regexp-1.7.0.tgz",
        "serviceworker-cache-polyfill": "https://registry.npmjs.org/serviceworker-cache-polyfill/-/serviceworker-cache-polyfill-4.0.0.tgz"
      }
    },
    "tcomb": {
      "version": "2.7.0",
      "resolved": "https://registry.npmjs.org/tcomb/-/tcomb-2.7.0.tgz",
      "integrity": "sha1-ENYpWAQWaaXVNWe5pO6M3iKxwrA="
    },
    "through": {
      "version": "https://registry.npmjs.org/through/-/through-2.3.8.tgz",
      "integrity": "sha1-DdTJ/6q8NXlgsbckEV1+Doai4fU="
    },
    "through2": {
      "version": "https://registry.npmjs.org/through2/-/through2-0.6.5.tgz",
      "integrity": "sha1-QaucZ7KdVyCQcUEOHXp6lozTrUg=",
      "requires": {
        "readable-stream": "https://registry.npmjs.org/readable-stream/-/readable-stream-1.0.34.tgz",
        "xtend": "https://registry.npmjs.org/xtend/-/xtend-4.0.1.tgz"
      }
    },
    "units-css": {
      "version": "0.4.0",
      "resolved": "https://registry.npmjs.org/units-css/-/units-css-0.4.0.tgz",
      "integrity": "sha1-1iKGU6UZg9fBb/KPi53Dsf/tOgc=",
      "requires": {
        "isnumeric": "0.2.0",
        "viewport-dimensions": "0.2.0"
      }
    },
    "unquote": {
      "version": "1.1.0",
      "resolved": "https://registry.npmjs.org/unquote/-/unquote-1.1.0.tgz",
      "integrity": "sha1-mOH8YItrhUx1r7G5WvwJm6adlC8="
    },
    "unreachable-branch-transform": {
      "version": "https://registry.npmjs.org/unreachable-branch-transform/-/unreachable-branch-transform-0.3.0.tgz",
      "integrity": "sha1-2ZzExudG0mSSiEW2EdtUsPNHTKo=",
      "requires": {
        "esmangle-evaluator": "https://registry.npmjs.org/esmangle-evaluator/-/esmangle-evaluator-1.0.1.tgz",
        "recast": "https://registry.npmjs.org/recast/-/recast-0.10.43.tgz",
        "through2": "https://registry.npmjs.org/through2/-/through2-0.6.5.tgz"
      }
    },
    "viewport-dimensions": {
      "version": "0.2.0",
      "resolved": "https://registry.npmjs.org/viewport-dimensions/-/viewport-dimensions-0.2.0.tgz",
      "integrity": "sha1-3nQHR9tTh/0XJfUXXpG6x2r982w="
    },
    "xtend": {
      "version": "https://registry.npmjs.org/xtend/-/xtend-4.0.1.tgz",
      "integrity": "sha1-pcbVMr5lbiPbgg77lDofBJmNY68="
    }
  }
}
